lockfileVersion: '9.0'

settings:
  autoInstallPeers: true
  excludeLinksFromLockfile: false

importers:

  .:
    dependencies:
      '@babel/generator':
        specifier: ^7.29.1
        version: 7.29.1
      '@babel/parser':
        specifier: ^7.29.3
        version: 7.29.3
      '@babel/traverse':
        specifier: ^7.29.0
        version: 7.29.0
      '@babel/types':
        specifier: ^7.29.0
        version: 7.29.0
      '@swc/core':
        specifier: ^1.7.0
        version: 1.15.33

packages:

  '@babel/code-frame@7.29.0':
    resolution: {integrity: sha512-9NhCeYjq9+3uxgdtp20LSiJXJvN0FeCtNGpJxuMFZ1Kv3cWUNb6DOhJwUvcVCzKGR66cw4njwM6hrJLqgOwbcw==}
    engines: {node: '>=6.9.0'}

  '@babel/generator@7.29.1':
    resolution: {integrity: sha512-qsaF+9Qcm2Qv8SRIMMscAvG4O3lJ0F1GuMo5HR/Bp02LopNgnZBC/EkbevHFeGs4ls/oPz9v+Bsmzbkbe+0dUw==}
    engines: {node: '>=6.9.0'}

  '@babel/helper-globals@7.28.0':
    resolution: {integrity: sha512-+W6cISkXFa1jXsDEdYA8HeevQT/FULhxzR99pxphltZcVaugps53THCeiWA8SguxxpSp3gKPiuYfSWopkLQ4hw==}
    engines: {node: '>=6.9.0'}

  '@babel/helper-string-parser@7.27.1':
    resolution: {integrity: sha512-qMlSxKbpRlAridDExk92nSobyDdpPijUq2DW6oDnUqd0iOGxmQjyqhMIihI9+zv4LPyZdRje2cavWPbCbWm3eA==}
    engines: {node: '>=6.9.0'}

  '@babel/helper-validator-identifier@7.28.5':
    resolution: {integrity: sha512-qSs4ifwzKJSV39ucNjsvc6WVHs6b7S03sOh2OcHF9UHfVPqWWALUsNUVzhSBiItjRZoLHx7nIarVjqKVusUZ1Q==}
    engines: {node: '>=6.9.0'}

  '@babel/parser@7.29.3':
    resolution: {integrity: sha512-b3ctpQwp+PROvU/cttc4OYl4MzfJUWy6FZg+PMXfzmt/+39iHVF0sDfqay8TQM3JA2EUOyKcFZt75jWriQijsA==}
    engines: {node: '>=6.0.0'}
    hasBin: true

  '@babel/template@7.28.6':
    resolution: {integrity: sha512-YA6Ma2KsCdGb+WC6UpBVFJGXL58MDA6oyONbjyF/+5sBgxY/dwkhLogbMT2GXXyU84/IhRw/2D1Os1B/giz+BQ==}
    engines: {node: '>=6.9.0'}

  '@babel/traverse@7.29.0':
    resolution: {integrity: sha512-4HPiQr0X7+waHfyXPZpWPfWL/J7dcN1mx9gL6WdQVMbPnF3+ZhSMs8tCxN7oHddJE9fhNE7+lxdnlyemKfJRuA==}
    engines: {node: '>=6.9.0'}

  '@babel/types@7.29.0':
    resolution: {integrity: sha512-LwdZHpScM4Qz8Xw2iKSzS+cfglZzJGvofQICy7W7v4caru4EaAmyUuO6BGrbyQ2mYV11W0U8j5mBhd14dd3B0A==}
    engines: {node: '>=6.9.0'}

  '@jridgewell/gen-mapping@0.3.13':
    resolution: {integrity: sha512-2kkt/7niJ6MgEPxF0bYdQ6etZaA+fQvDcLKckhy1yIQOzaoKjBBjSj63/aLVjYE3qhRt5dvM+uUyfCg6UKCBbA==}

  '@jridgewell/resolve-uri@3.1.2':
    resolution: {integrity: sha512-bRISgCIjP20/tbWSPWMEi54QVPRZExkuD9lJL+UIxUKtwVJA8wW1Trb1jMs1RFXo1CBTNZ/5hpC9QvmKWdopKw==}
    engines: {node: '>=6.0.0'}

  '@jridgewell/sourcemap-codec@1.5.5':
    resolution: {integrity: sha512-cYQ9310grqxueWbl+WuIUIaiUaDcj7WOq5fVhEljNVgRfOUhY9fy2zTvfoqWsnebh8Sl70VScFbICvJnLKB0Og==}

  '@jridgewell/trace-mapping@0.3.31':
    resolution: {integrity: sha512-zzNR+SdQSDJzc8joaeP8QQoCQr8NuYx2dIIytl1QeBEZHJ9uW6hebsrYgbz8hJwUQao3TWCMtmfV8Nu1twOLAw==}

  '@swc/core-darwin-arm64@1.15.33':
    resolution: {integrity: sha512-N+L0uXhuO7FIfzqwgxmzv0zIpV0qEp8wPX3QQs2p4atjMoywup2JTeDlXPw+z9pWJGCae3JjM+tZ6myclI+2gA==}
    engines: {node: '>=10'}
    cpu: [arm64]
    os: [darwin]

  '@swc/core-darwin-x64@1.15.33':
    resolution: {integrity: sha512-/Il4QHSOhV4FekbsDtkrNmKbsX26oSysvgrRswa/RYOHXAkwXDbB4jaeKq6PsJLSPkzJ2KzQ061gtBnk0vNHfA==}
    engines: {node: '>=10'}
    cpu: [x64]
    os: [darwin]

  '@swc/core-linux-arm-gnueabihf@1.15.33':
    resolution: {integrity: sha512-C64hBnBxq4viOPQ8hlx+2lJ23bzZBGnjw7ryALmS+0Q3zHmwO8lw1/DArLENw4Q18/0w5wdEO1k3m1wWNtKGqQ==}
    engines: {node: '>=10'}
    cpu: [arm]
    os: [linux]

  '@swc/core-linux-arm64-gnu@1.15.33':
    resolution: {integrity: sha512-TRJfnJbX3jqpxRDRoieMzRiCBS5jOmXNb3iQXmcgjFEHKLnAgK1RZRU8Cq1MsPqO4jAJp/ld1G4O3fXuxv85uw==}
    engines: {node: '>=10'}
    cpu: [arm64]
    os: [linux]
    libc: [glibc]

  '@swc/core-linux-arm64-musl@1.15.33':
    resolution: {integrity: sha512-il7tYM+CpUNzieQbwAjFT1P8zqAhmGWNAGhQZBnxurXZ0aNn+5nqYFTEUKNZl7QibtT0uQXzTZrNGHCIj6Y1Og==}
    engines: {node: '>=10'}
    cpu: [arm64]
    os: [linux]
    libc: [musl]

  '@swc/core-linux-ppc64-gnu@1.15.33':
    resolution: {integrity: sha512-ZtNBwN0Z7CFj9Il0FcPaKdjgP7URyKu/3RfH46vq+0paOBqLj4NYldD6Qo//Duif/7IOtAraUfDOmp0PLAufog==}
    engines: {node: '>=10'}
    cpu: [ppc64]
    os: [linux]
    libc: [glibc]

  '@swc/core-linux-s390x-gnu@1.15.33':
    resolution: {integrity: sha512-De1IyajoOmhOYYjw/lx66bKlyDpHZTueqwpDrWgf5O7T6d1ODeJJO9/OqMBmrBQc5C+dNnlmIufHsp4QVCWufA==}
    engines: {node: '>=10'}
    cpu: [s390x]
    os: [linux]
    libc: [glibc]

  '@swc/core-linux-x64-gnu@1.15.33':
    resolution: {integrity: sha512-mGTH0YxmUN+x6vRN/I6NOk5X0ogNktkwPnJ94IMvR7QjhRDwL0O8RXEDhyUM0YtwWrryBOqaJQBX4zruxEPRGw==}
    engines: {node: '>=10'}
    cpu: [x64]
    os: [linux]
    libc: [glibc]

  '@swc/core-linux-x64-musl@1.15.33':
    resolution: {integrity: sha512-hj628ZkSEJf6zMf5VMbYrG2O6QqyTIp2qwY6VlCjvIa9lAEZ5c2lfPblCLVGYubTeLJDxadLB/CxqQYOQABeEQ==}
    engines: {node: '>=10'}
    cpu: [x64]
    os: [linux]
    libc: [musl]

  '@swc/core-win32-arm64-msvc@1.15.33':
    resolution: {integrity: sha512-GV2oohtN2/5+KSccl86VULu3aT+LrISC8uzgSq0FRnikpD+Zwc+sBlXmoKQ+Db6jI57ITUOIB8jRkdGMABC29g==}
    engines: {node: '>=10'}
    cpu: [arm64]
    os: [win32]

  '@swc/core-win32-ia32-msvc@1.15.33':
    resolution: {integrity: sha512-gtyvzSNR8DHKfFEA2uqb8Ld1myqi6uEg2jyeUq3ikn5ytYs7H8RpZYC8mdy4NXr8hfcdJfCLXPlYaqqfBXpoEQ==}
    engines: {node: '>=10'}
    cpu: [ia32]
    os: [win32]

  '@swc/core-win32-x64-msvc@1.15.33':
    resolution: {integrity: sha512-d6fRqQSkJI+kmMEBWaDQ7TMl8+YjLYbwRUPZQ9DY0ORBJeTzOrG0twvfvlZ2xgw6jA0ScQKgfBm4vHLSLl5Hqg==}
    engines: {node: '>=10'}
    cpu: [x64]
    os: [win32]

  '@swc/core@1.15.33':
    resolution: {integrity: sha512-jOlwnFV2xhuuZeAUILGFULeR6vDPfijEJ57evfocwznQldLU3w2cZ9bSDryY9ip+AsM3r1NJKzf47V2NXebkeQ==}
    engines: {node: '>=10'}
    peerDependencies:
      '@swc/helpers': '>=0.5.17'
    peerDependenciesMeta:
      '@swc/helpers':
        optional: true

  '@swc/counter@0.1.3':
    resolution: {integrity: sha512-e2BR4lsJkkRlKZ/qCHPw9ZaSxc0MVUd7gtbtaB7aMvHeJVYe8sOB8DBZkP2DtISHGSku9sCK6T6cnY0CtXrOCQ==}

  '@swc/types@0.1.26':
    resolution: {integrity: sha512-lyMwd7WGgG79RS7EERZV3T8wMdmPq3xwyg+1nmAM64kIhx5yl+juO2PYIHb7vTiPgPCj8LYjsNV2T5wiQHUEaw==}

  debug@4.4.3:
    resolution: {integrity: sha512-RGwwWnwQvkVfavKVt22FGLw+xYSdzARwm0ru6DhTVA3umU5hZc28V3kO4stgYryrTlLpuvgI9GiijltAjNbcqA==}
    engines: {node: '>=6.0'}
    peerDependencies:
      supports-color: '*'
    peerDependenciesMeta:
      supports-color:
        optional: true

  js-tokens@4.0.0:
    resolution: {integrity: sha512-RdJUflcE3cUzKiMqQgsCu06FPu9UdIJO0beYbPhHN4k6apgJtifcoCtT9bcxOpYBtpD2kCM6Sbzg4CausW/PKQ==}

  jsesc@3.1.0:
    resolution: {integrity: sha512-/sM3dO2FOzXjKQhJuo0Q173wf2KOo8t4I8vHy6lF9poUp7bKT0/NHE8fPX23PwfhnykfqnC2xRxOnVw5XuGIaA==}
    engines: {node: '>=6'}
    hasBin: true

  ms@2.1.3:
    resolution: {integrity: sha512-6FlzubTLZG3J2a/NVCAleEhjzq5oxgHyaCU9yYXvcLsvoVaHJq/s5xXI6/XXP6tz7R9xAOtHnSO/tXtF3WRTlA==}

  picocolors@1.1.1:
    resolution: {integrity: sha512-xceH2snhtb5M9liqDsmEw56le376mTZkEX/jEb/RxNFyegNul7eNslCXP9FDj/Lcu0X8KEyMceP2ntpaHrDEVA==}

snapshots:

  '@babel/code-frame@7.29.0':
    dependencies:
      '@babel/helper-validator-identifier': 7.28.5
      js-tokens: 4.0.0
      picocolors: 1.1.1

  '@babel/generator@7.29.1':
    dependencies:
      '@babel/parser': 7.29.3
      '@babel/types': 7.29.0
      '@jridgewell/gen-mapping': 0.3.13
      '@jridgewell/trace-mapping': 0.3.31
      jsesc: 3.1.0

  '@babel/helper-globals@7.28.0': {}

  '@babel/helper-string-parser@7.27.1': {}

  '@babel/helper-validator-identifier@7.28.5': {}

  '@babel/parser@7.29.3':
    dependencies:
      '@babel/types': 7.29.0

  '@babel/template@7.28.6':
    dependencies:
      '@babel/code-frame': 7.29.0
      '@babel/parser': 7.29.3
      '@babel/types': 7.29.0

  '@babel/traverse@7.29.0':
    dependencies:
      '@babel/code-frame': 7.29.0
      '@babel/generator': 7.29.1
      '@babel/helper-globals': 7.28.0
      '@babel/parser': 7.29.3
      '@babel/template': 7.28.6
      '@babel/types': 7.29.0
      debug: 4.4.3
    transitivePeerDependencies:
      - supports-color

  '@babel/types@7.29.0':
    dependencies:
      '@babel/helper-string-parser': 7.27.1
      '@babel/helper-validator-identifier': 7.28.5

  '@jridgewell/gen-mapping@0.3.13':
    dependencies:
      '@jridgewell/sourcemap-codec': 1.5.5
      '@jridgewell/trace-mapping': 0.3.31

  '@jridgewell/resolve-uri@3.1.2': {}

  '@jridgewell/sourcemap-codec@1.5.5': {}

  '@jridgewell/trace-mapping@0.3.31':
    dependencies:
      '@jridgewell/resolve-uri': 3.1.2
      '@jridgewell/sourcemap-codec': 1.5.5

  '@swc/core-darwin-arm64@1.15.33':
    optional: true

  '@swc/core-darwin-x64@1.15.33':
    optional: true

  '@swc/core-linux-arm-gnueabihf@1.15.33':
    optional: true

  '@swc/core-linux-arm64-gnu@1.15.33':
    optional: true

  '@swc/core-linux-arm64-musl@1.15.33':
    optional: true

  '@swc/core-linux-ppc64-gnu@1.15.33':
    optional: true

  '@swc/core-linux-s390x-gnu@1.15.33':
    optional: true

  '@swc/core-linux-x64-gnu@1.15.33':
    optional: true

  '@swc/core-linux-x64-musl@1.15.33':
    optional: true

  '@swc/core-win32-arm64-msvc@1.15.33':
    optional: true

  '@swc/core-win32-ia32-msvc@1.15.33':
    optional: true

  '@swc/core-win32-x64-msvc@1.15.33':
    optional: true

  '@swc/core@1.15.33':
    dependencies:
      '@swc/counter': 0.1.3
      '@swc/types': 0.1.26
    optionalDependencies:
      '@swc/core-darwin-arm64': 1.15.33
      '@swc/core-darwin-x64': 1.15.33
      '@swc/core-linux-arm-gnueabihf': 1.15.33
      '@swc/core-linux-arm64-gnu': 1.15.33
      '@swc/core-linux-arm64-musl': 1.15.33
      '@swc/core-linux-ppc64-gnu': 1.15.33
      '@swc/core-linux-s390x-gnu': 1.15.33
      '@swc/core-linux-x64-gnu': 1.15.33
      '@swc/core-linux-x64-musl': 1.15.33
      '@swc/core-win32-arm64-msvc': 1.15.33
      '@swc/core-win32-ia32-msvc': 1.15.33
      '@swc/core-win32-x64-msvc': 1.15.33

  '@swc/counter@0.1.3': {}

  '@swc/types@0.1.26':
    dependencies:
      '@swc/counter': 0.1.3

  debug@4.4.3:
    dependencies:
      ms: 2.1.3

  js-tokens@4.0.0: {}

  jsesc@3.1.0: {}

  ms@2.1.3: {}

  picocolors@1.1.1: {}
